
Microsoft Visual Studio Solution File, Format Version 12.00
# Visual Studio Version 17
VisualStudioVersion = 17.9.34728.123
MinimumVisualStudioVersion = 10.0.40219.1
Project("{FAE04EC0-301F-11D3-BF4B-00C04F79EFBC}") = "ASM", "ASM.csproj", "{E069A7D1-0250-4D4A-AA80-9E1C83DF866E}"
EndProject
Global
	GlobalSection(SolutionConfigurationPlatforms) = preSolution
		Debug|Any CPU = Debug|Any CPU
		Release|Any CPU = Release|Any CPU
	EndGlobalSection
	GlobalSection(ProjectConfigurationPlatforms) = postSolution
		{E069A7D1-0250-4D4A-AA80-9E1C83DF866E}.Debug|Any CPU.ActiveCfg = Debug|Any CPU
		{E069A7D1-0250-4D4A-AA80-9E1C83DF866E}.Debug|Any CPU.Build.0 = Debug|Any CPU
		{E069A7D1-0250-4D4A-AA80-9E1C83DF866E}.Release|Any CPU.ActiveCfg = Release|Any CPU
		{E069A7D1-0250-4D4A-AA80-9E1C83DF866E}.Release|Any CPU.Build.0 = Release|Any CPU
	EndGlobalSection
	GlobalSection(SolutionProperties) = preSolution
		HideSolutionNode = FALSE
	EndGlobalSection
	GlobalSection(ExtensibilityGlobals) = postSolution
		SolutionGuid = {F9AD94E4-B697-4F0F-B8E4-F377FD453EF6}
	EndGlobalSection
EndGlobal
